{
  "name": "chat",
  "version": "1.0.0",
  "lockfileVersion": 2,
  "requires": true,
  "packages": {
    "": {
      "version": "1.0.0",
      "license": "WTFPL",
      "dependencies": {
        "ws": "^7.5.0"
      }
    },
    "node_modules/ws": {
      "version": "7.5.0",
      "resolved": "https://registry.npmjs.org/ws/-/ws-7.5.0.tgz",
      "integrity": "sha512-6ezXvzOZupqKj4jUqbQ9tXuJNo+BR2gU8fFRk3XCP3e0G6WT414u5ELe6Y0vtp7kmSJ3F7YWObSNr1ESsgi4vw==",
      "engines": {
        "node": ">=8.3.0"
      },
      "peerDependencies": {
        "bufferutil": "^4.0.1",
        "utf-8-validate": "^5.0.2"
      },
      "peerDependenciesMeta": {
        "bufferutil": {
          "optional": true
        },
        "utf-8-validate": {
          "optional": true
        }
      }
    }
  },
  "dependencies": {
    "ws": {
      "version": "7.5.0",
      "resolved": "https://registry.npmjs.org/ws/-/ws-7.5.0.tgz",
      "integrity": "sha512-6ezXvzOZupqKj4jUqbQ9tXuJNo+BR2gU8fFRk3XCP3e0G6WT414u5ELe6Y0vtp7kmSJ3F7YWObSNr1ESsgi4vw==",
      "requires": {}
    }
  }
}
