{
  "name": "app_access_tokens",
  "version": "1.0.0",
  "lockfileVersion": 2,
  "requires": true,
  "packages": {
    "": {
      "name": "app_access_tokens",
      "version": "1.0.0",
      "license": "WTFPL",
      "dependencies": {
        "dotenv": "^17.2.4",
        "redis": "^4.7.0"
      }
    },
    "node_modules/@redis/bloom": {
      "version": "1.2.0",
      "resolved": "https://registry.npmjs.org/@redis/bloom/-/bloom-1.2.0.tgz",
      "integrity": "sha512-HG2DFjYKbpNmVXsa0keLHp/3leGJz1mjh09f2RLGGLQZzSHpkmZWuwJbAvo3QcRY8p80m5+ZdXZdYOSBLlp7Cg==",
      "peerDependencies": {
        "@redis/client": "^1.0.0"
      }
    },
    "node_modules/@redis/client": {
      "version": "1.6.0",
      "resolved": "https://registry.npmjs.org/@redis/client/-/client-1.6.0.tgz",
      "integrity": "sha512-aR0uffYI700OEEH4gYnitAnv3vzVGXCFvYfdpu/CJKvk4pHfLPEy/JSZyrpQ+15WhXe1yJRXLtfQ84s4mEXnPg==",
      "license": "MIT",
      "peer": true,
      "dependencies": {
        "cluster-key-slot": "1.1.2",
        "generic-pool": "3.9.0",
        "yallist": "4.0.0"
      },
      "engines": {
        "node": ">=14"
      }
    },
    "node_modules/@redis/graph": {
      "version": "1.1.1",
      "resolved": "https://registry.npmjs.org/@redis/graph/-/graph-1.1.1.tgz",
      "integrity": "sha512-FEMTcTHZozZciLRl6GiiIB4zGm5z5F3F6a6FZCyrfxdKOhFlGkiAqlexWMBzCi4DcRoyiOsuLfW+cjlGWyExOw==",
      "peerDependencies": {
        "@redis/client": "^1.0.0"
      }
    },
    "node_modules/@redis/json": {
      "version": "1.0.7",
      "resolved": "https://registry.npmjs.org/@redis/json/-/json-1.0.7.tgz",
      "integrity": "sha512-6UyXfjVaTBTJtKNG4/9Z8PSpKE6XgSyEb8iwaqDcy+uKrd/DGYHTWkUdnQDyzm727V7p21WUMhsqz5oy65kPcQ==",
      "license": "MIT",
      "peerDependencies": {
        "@redis/client": "^1.0.0"
      }
    },
    "node_modules/@redis/search": {
      "version": "1.2.0",
      "resolved": "https://registry.npmjs.org/@redis/search/-/search-1.2.0.tgz",
      "integrity": "sha512-tYoDBbtqOVigEDMAcTGsRlMycIIjwMCgD8eR2t0NANeQmgK/lvxNAvYyb6bZDD4frHRhIHkJu2TBRvB0ERkOmw==",
      "license": "MIT",
      "peerDependencies": {
        "@redis/client": "^1.0.0"
      }
    },
    "node_modules/@redis/time-series": {
      "version": "1.1.0",
      "resolved": "https://registry.npmjs.org/@redis/time-series/-/time-series-1.1.0.tgz",
      "integrity": "sha512-c1Q99M5ljsIuc4YdaCwfUEXsofakb9c8+Zse2qxTadu8TalLXuAESzLvFAvNVbkmSlvlzIQOLpBCmWI9wTOt+g==",
      "license": "MIT",
      "peerDependencies": {
        "@redis/client": "^1.0.0"
      }
    },
    "node_modules/cluster-key-slot": {
      "version": "1.1.2",
      "resolved": "https://registry.npmjs.org/cluster-key-slot/-/cluster-key-slot-1.1.2.tgz",
      "integrity": "sha512-RMr0FhtfXemyinomL4hrWcYJxmX6deFdCxpJzhDttxgO1+bcCnkk+9drydLVDmAMG7NE6aN/fl4F7ucU/90gAA==",
      "engines": {
        "node": ">=0.10.0"
      }
    },
    "node_modules/dotenv": {
      "version": "17.2.4",
      "resolved": "https://registry.npmjs.org/dotenv/-/dotenv-17.2.4.tgz",
      "integrity": "sha512-mudtfb4zRB4bVvdj0xRo+e6duH1csJRM8IukBqfTRvHotn9+LBXB8ynAidP9zHqoRC/fsllXgk4kCKlR21fIhw==",
      "license": "BSD-2-Clause",
      "engines": {
        "node": ">=12"
      },
      "funding": {
        "url": "https://dotenvx.com"
      }
    },
    "node_modules/generic-pool": {
      "version": "3.9.0",
      "resolved": "https://registry.npmjs.org/generic-pool/-/generic-pool-3.9.0.tgz",
      "integrity": "sha512-hymDOu5B53XvN4QT9dBmZxPX4CWhBPPLguTZ9MMFeFa/Kg0xWVfylOVNlJji/E7yTZWFd/q9GO5TxDLq156D7g==",
      "engines": {
        "node": ">= 4"
      }
    },
    "node_modules/redis": {
      "version": "4.7.0",
      "resolved": "https://registry.npmjs.org/redis/-/redis-4.7.0.tgz",
      "integrity": "sha512-zvmkHEAdGMn+hMRXuMBtu4Vo5P6rHQjLoHftu+lBqq8ZTA3RCVC/WzD790bkKKiNFp7d5/9PcSD19fJyyRvOdQ==",
      "license": "MIT",
      "workspaces": [
        "./packages/*"
      ],
      "dependencies": {
        "@redis/bloom": "1.2.0",
        "@redis/client": "1.6.0",
        "@redis/graph": "1.1.1",
        "@redis/json": "1.0.7",
        "@redis/search": "1.2.0",
        "@redis/time-series": "1.1.0"
      }
    },
    "node_modules/yallist": {
      "version": "4.0.0",
      "resolved": "https://registry.npmjs.org/yallist/-/yallist-4.0.0.tgz",
      "integrity": "sha512-3wdGidZyq5PB084XLES5TpOSRA3wjXAlIWMhum2kRcv/41Sn2emQ0dycQW4uZXLejwKvg6EsvbdlVL+FYEct7A=="
    }
  },
  "dependencies": {
    "@redis/bloom": {
      "version": "1.2.0",
      "resolved": "https://registry.npmjs.org/@redis/bloom/-/bloom-1.2.0.tgz",
      "integrity": "sha512-HG2DFjYKbpNmVXsa0keLHp/3leGJz1mjh09f2RLGGLQZzSHpkmZWuwJbAvo3QcRY8p80m5+ZdXZdYOSBLlp7Cg==",
      "requires": {}
    },
    "@redis/client": {
      "version": "1.6.0",
      "resolved": "https://registry.npmjs.org/@redis/client/-/client-1.6.0.tgz",
      "integrity": "sha512-aR0uffYI700OEEH4gYnitAnv3vzVGXCFvYfdpu/CJKvk4pHfLPEy/JSZyrpQ+15WhXe1yJRXLtfQ84s4mEXnPg==",
      "peer": true,
      "requires": {
        "cluster-key-slot": "1.1.2",
        "generic-pool": "3.9.0",
        "yallist": "4.0.0"
      }
    },
    "@redis/graph": {
      "version": "1.1.1",
      "resolved": "https://registry.npmjs.org/@redis/graph/-/graph-1.1.1.tgz",
      "integrity": "sha512-FEMTcTHZozZciLRl6GiiIB4zGm5z5F3F6a6FZCyrfxdKOhFlGkiAqlexWMBzCi4DcRoyiOsuLfW+cjlGWyExOw==",
      "requires": {}
    },
    "@redis/json": {
      "version": "1.0.7",
      "resolved": "https://registry.npmjs.org/@redis/json/-/json-1.0.7.tgz",
      "integrity": "sha512-6UyXfjVaTBTJtKNG4/9Z8PSpKE6XgSyEb8iwaqDcy+uKrd/DGYHTWkUdnQDyzm727V7p21WUMhsqz5oy65kPcQ==",
      "requires": {}
    },
    "@redis/search": {
      "version": "1.2.0",
      "resolved": "https://registry.npmjs.org/@redis/search/-/search-1.2.0.tgz",
      "integrity": "sha512-tYoDBbtqOVigEDMAcTGsRlMycIIjwMCgD8eR2t0NANeQmgK/lvxNAvYyb6bZDD4frHRhIHkJu2TBRvB0ERkOmw==",
      "requires": {}
    },
    "@redis/time-series": {
      "version": "1.1.0",
      "resolved": "https://registry.npmjs.org/@redis/time-series/-/time-series-1.1.0.tgz",
      "integrity": "sha512-c1Q99M5ljsIuc4YdaCwfUEXsofakb9c8+Zse2qxTadu8TalLXuAESzLvFAvNVbkmSlvlzIQOLpBCmWI9wTOt+g==",
      "requires": {}
    },
    "cluster-key-slot": {
      "version": "1.1.2",
      "resolved": "https://registry.npmjs.org/cluster-key-slot/-/cluster-key-slot-1.1.2.tgz",
      "integrity": "sha512-RMr0FhtfXemyinomL4hrWcYJxmX6deFdCxpJzhDttxgO1+bcCnkk+9drydLVDmAMG7NE6aN/fl4F7ucU/90gAA=="
    },
    "dotenv": {
      "version": "17.2.4",
      "resolved": "https://registry.npmjs.org/dotenv/-/dotenv-17.2.4.tgz",
      "integrity": "sha512-mudtfb4zRB4bVvdj0xRo+e6duH1csJRM8IukBqfTRvHotn9+LBXB8ynAidP9zHqoRC/fsllXgk4kCKlR21fIhw=="
    },
    "generic-pool": {
      "version": "3.9.0",
      "resolved": "https://registry.npmjs.org/generic-pool/-/generic-pool-3.9.0.tgz",
      "integrity": "sha512-hymDOu5B53XvN4QT9dBmZxPX4CWhBPPLguTZ9MMFeFa/Kg0xWVfylOVNlJji/E7yTZWFd/q9GO5TxDLq156D7g=="
    },
    "redis": {
      "version": "4.7.0",
      "resolved": "https://registry.npmjs.org/redis/-/redis-4.7.0.tgz",
      "integrity": "sha512-zvmkHEAdGMn+hMRXuMBtu4Vo5P6rHQjLoHftu+lBqq8ZTA3RCVC/WzD790bkKKiNFp7d5/9PcSD19fJyyRvOdQ==",
      "requires": {
        "@redis/bloom": "1.2.0",
        "@redis/client": "1.6.0",
        "@redis/graph": "1.1.1",
        "@redis/json": "1.0.7",
        "@redis/search": "1.2.0",
        "@redis/time-series": "1.1.0"
      }
    },
    "yallist": {
      "version": "4.0.0",
      "resolved": "https://registry.npmjs.org/yallist/-/yallist-4.0.0.tgz",
      "integrity": "sha512-3wdGidZyq5PB084XLES5TpOSRA3wjXAlIWMhum2kRcv/41Sn2emQ0dycQW4uZXLejwKvg6EsvbdlVL+FYEct7A=="
    }
  }
}
