{
  "name": "pubsub",
  "version": "1.0.0",
  "lockfileVersion": 2,
  "requires": true,
  "packages": {
    "": {
      "name": "pubsub",
      "version": "1.0.0",
      "license": "WTFPL",
      "dependencies": {
        "ws": "^8.8.0"
      }
    },
    "node_modules/ws": {
      "version": "8.8.0",
      "resolved": "https://registry.npmjs.org/ws/-/ws-8.8.0.tgz",
      "integrity": "sha512-JDAgSYQ1ksuwqfChJusw1LSJ8BizJ2e/vVu5Lxjq3YvNJNlROv1ui4i+c/kUUrPheBvQl4c5UbERhTwKa6QBJQ==",
      "engines": {
        "node": ">=10.0.0"
      },
      "peerDependencies": {
        "bufferutil": "^4.0.1",
        "utf-8-validate": "^5.0.2"
      },
      "peerDependenciesMeta": {
        "bufferutil": {
          "optional": true
        },
        "utf-8-validate": {
          "optional": true
        }
      }
    }
  },
  "dependencies": {
    "ws": {
      "version": "8.8.0",
      "resolved": "https://registry.npmjs.org/ws/-/ws-8.8.0.tgz",
      "integrity": "sha512-JDAgSYQ1ksuwqfChJusw1LSJ8BizJ2e/vVu5Lxjq3YvNJNlROv1ui4i+c/kUUrPheBvQl4c5UbERhTwKa6QBJQ==",
      "requires": {}
    }
  }
}
